// !$*UTF8*$!
{
	archiveVersion = 1;
	classes = {
	};
	objectVersion = 55;
	objects = {

/* Begin PBXBuildFile section */
		4293D34127D836ED002FFF5F /* JANEApp.swift in Sources */ = {isa = PBXBuildFile; fileRef = 4293D34027D836ED002FFF5F /* JANEApp.swift */; };
		4293D34327D836ED002FFF5F /* WorksListView.swift in Sources */ = {isa = PBXBuildFile; fileRef = 4293D34227D836ED002FFF5F /* WorksListView.swift */; };
		4293D34527D836EF002FFF5F /* Assets.xcassets in Resources */ = {isa = PBXBuildFile; fileRef = 4293D34427D836EF002FFF5F /* Assets.xcassets */; };
		4293D34827D836EF002FFF5F /* Preview Assets.xcassets in Resources */ = {isa = PBXBuildFile; fileRef = 4293D34727D836EF002FFF5F /* Preview Assets.xcassets */; };
		42A6101F27DAE78D00EAF3C1 /* BioView.swift in Sources */ = {isa = PBXBuildFile; fileRef = 42A6101E27DAE78C00EAF3C1 /* BioView.swift */; };
		42D5C43A27DD613B00E6E8C4 /* BookDetailViews.swift in Sources */ = {isa = PBXBuildFile; fileRef = 42D5C43927DD613B00E6E8C4 /* BookDetailViews.swift */; };
		42D5C43E27E0139400E6E8C4 /* BookModel.swift in Sources */ = {isa = PBXBuildFile; fileRef = 42D5C43D27E0139400E6E8C4 /* BookModel.swift */; };
/* End PBXBuildFile section */

/* Begin PBXFileReference section */
		421892B527DAD62F000D921D /* Info.plist */ = {isa = PBXFileReference; lastKnownFileType = text.plist; path = Info.plist; sourceTree = "<group>"; };
		4293D33D27D836ED002FFF5F /* JANE.app */ = {isa = PBXFileReference; explicitFileType = wrapper.application; includeInIndex = 0; path = JANE.app; sourceTree = BUILT_PRODUCTS_DIR; };
		4293D34027D836ED002FFF5F /* JANEApp.swift */ = {isa = PBXFileReference; lastKnownFileType = sourcecode.swift; path = JANEApp.swift; sourceTree = "<group>"; };
		4293D34227D836ED002FFF5F /* WorksListView.swift */ = {isa = PBXFileReference; lastKnownFileType = sourcecode.swift; path = WorksListView.swift; sourceTree = "<group>"; };
		4293D34427D836EF002FFF5F /* Assets.xcassets */ = {isa = PBXFileReference; lastKnownFileType = folder.assetcatalog; path = Assets.xcassets; sourceTree = "<group>"; };
		4293D34727D836EF002FFF5F /* Preview Assets.xcassets */ = {isa = PBXFileReference; lastKnownFileType = folder.assetcatalog; path = "Preview Assets.xcassets"; sourceTree = "<group>"; };
		42A6101E27DAE78C00EAF3C1 /* BioView.swift */ = {isa = PBXFileReference; lastKnownFileType = sourcecode.swift; path = BioView.swift; sourceTree = "<group>"; };
		42D5C43927DD613B00E6E8C4 /* BookDetailViews.swift */ = {isa = PBXFileReference; lastKnownFileType = sourcecode.swift; path = BookDetailViews.swift; sourceTree = "<group>"; };
		42D5C43D27E0139400E6E8C4 /* BookModel.swift */ = {isa = PBXFileReference; lastKnownFileType = sourcecode.swift; path = BookModel.swift; sourceTree = "<group>"; };
/* End PBXFileReference section */

/* Begin PBXFrameworksBuildPhase section */
		4293D33A27D836ED002FFF5F /* Frameworks */ = {
			isa = PBXFrameworksBuildPhase;
			buildActionMask = 2147483647;
			files = (
			);
			runOnlyForDeploymentPostprocessing = 0;
		};
/* End PBXFrameworksBuildPhase section */

/* Begin PBXGroup section */
		4293D33427D836ED002FFF5F = {
			isa = PBXGroup;
			children = (
				4293D33F27D836ED002FFF5F /* JANE */,
				4293D33E27D836ED002FFF5F /* Products */,
			);
			sourceTree = "<group>";
		};
		4293D33E27D836ED002FFF5F /* Products */ = {
			isa = PBXGroup;
			children = (
				4293D33D27D836ED002FFF5F /* JANE.app */,
			);
			name = Products;
			sourceTree = "<group>";
		};
		4293D33F27D836ED002FFF5F /* JANE */ = {
			isa = PBXGroup;
			children = (
				421892B527DAD62F000D921D /* Info.plist */,
				4293D34027D836ED002FFF5F /* JANEApp.swift */,
				42D5C41C27DD4D2600E6E8C4 /* Views */,
				42A6102027DAE79700EAF3C1 /* Model */,
				4293D34427D836EF002FFF5F /* Assets.xcassets */,
				4293D34627D836EF002FFF5F /* Preview Content */,
			);
			path = JANE;
			sourceTree = "<group>";
		};
		4293D34627D836EF002FFF5F /* Preview Content */ = {
			isa = PBXGroup;
			children = (
				4293D34727D836EF002FFF5F /* Preview Assets.xcassets */,
			);
			path = "Preview Content";
			sourceTree = "<group>";
		};
		42A6102027DAE79700EAF3C1 /* Model */ = {
			isa = PBXGroup;
			children = (
				42D5C43D27E0139400E6E8C4 /* BookModel.swift */,
			);
			path = Model;
			sourceTree = "<group>";
		};
		42D5C41C27DD4D2600E6E8C4 /* Views */ = {
			isa = PBXGroup;
			children = (
				42A6101E27DAE78C00EAF3C1 /* BioView.swift */,
				4293D34227D836ED002FFF5F /* WorksListView.swift */,
				42D5C43927DD613B00E6E8C4 /* BookDetailViews.swift */,
			);
			path = Views;
			sourceTree = "<group>";
		};
/* End PBXGroup section */

/* Begin PBXNativeTarget section */
		4293D33C27D836ED002FFF5F /* JANE */ = {
			isa = PBXNativeTarget;
			buildConfigurationList = 4293D34B27D836EF002FFF5F /* Build configuration list for PBXNativeTarget "JANE" */;
			buildPhases = (
				4293D33927D836ED002FFF5F /* Sources */,
				4293D33A27D836ED002FFF5F /* Frameworks */,
				4293D33B27D836ED002FFF5F /* Resources */,
			);
			buildRules = (
			);
			dependencies = (
			);
			name = JANE;
			productName = JANE;
			productReference = 4293D33D27D836ED002FFF5F /* JANE.app */;
			productType = "com.apple.product-type.application";
		};
/* End PBXNativeTarget section */

/* Begin PBXProject section */
		4293D33527D836ED002FFF5F /* Project object */ = {
			isa = PBXProject;
			attributes = {
				BuildIndependentTargetsInParallel = 1;
				LastSwiftUpdateCheck = 1320;
				LastUpgradeCheck = 1320;
				TargetAttributes = {
					4293D33C27D836ED002FFF5F = {
						CreatedOnToolsVersion = 13.2;
					};
				};
			};
			buildConfigurationList = 4293D33827D836ED002FFF5F /* Build configuration list for PBXProject "JANE" */;
			compatibilityVersion = "Xcode 13.0";
			developmentRegion = en;
			hasScannedForEncodings = 0;
			knownRegions = (
				en,
				Base,
			);
			mainGroup = 4293D33427D836ED002FFF5F;
			productRefGroup = 4293D33E27D836ED002FFF5F /* Products */;
			projectDirPath = "";
			projectRoot = "";
			targets = (
				4293D33C27D836ED002FFF5F /* JANE */,
			);
		};
/* End PBXProject section */

/* Begin PBXResourcesBuildPhase section */
		4293D33B27D836ED002FFF5F /* Resources */ = {
			isa = PBXResourcesBuildPhase;
			buildActionMask = 2147483647;
			files = (
				4293D34827D836EF002FFF5F /* Preview Assets.xcassets in Resources */,
				4293D34527D836EF002FFF5F /* Assets.xcassets in Resources */,
			);
			runOnlyForDeploymentPostprocessing = 0;
		};
/* End PBXResourcesBuildPhase section */

/* Begin PBXSourcesBuildPhase section */
		4293D33927D836ED002FFF5F /* Sources */ = {
			isa = PBXSourcesBuildPhase;
			buildActionMask = 2147483647;
			files = (
				42A6101F27DAE78D00EAF3C1 /* BioView.swift in Sources */,
				42D5C43A27DD613B00E6E8C4 /* BookDetailViews.swift in Sources */,
				4293D34327D836ED002FFF5F /* WorksListView.swift in Sources */,
				4293D34127D836ED002FFF5F /* JANEApp.swift in Sources */,
				42D5C43E27E0139400E6E8C4 /* BookModel.swift in Sources */,
			);
			runOnlyForDeploymentPostprocessing = 0;
		};
/* End PBXSourcesBuildPhase section */

/* Begin XCBuildConfiguration section */
		4293D34927D836EF002FFF5F /* Debug */ = {
			isa = XCBuildConfiguration;
			buildSettings = {
				ALWAYS_SEARCH_USER_PATHS = NO;
				CLANG_ANALYZER_NONNULL = YES;
				CLANG_ANALYZER_NUMBER_OBJECT_CONVERSION = YES_AGGRESSIVE;
				CLANG_CXX_LANGUAGE_STANDARD = "gnu++17";
				CLANG_CXX_LIBRARY = "libc++";
				CLANG_ENABLE_MODULES = YES;
				CLANG_ENABLE_OBJC_ARC = YES;
				CLANG_ENABLE_OBJC_WEAK = YES;
				CLANG_WARN_BLOCK_CAPTURE_AUTORELEASING = YES;
				CLANG_WARN_BOOL_CONVERSION = YES;
				CLANG_WARN_COMMA = YES;
				CLANG_WARN_CONSTANT_CONVERSION = YES;
				CLANG_WARN_DEPRECATED_OBJC_IMPLEMENTATIONS = YES;
				CLANG_WARN_DIRECT_OBJC_ISA_USAGE = YES_ERROR;
				CLANG_WARN_DOCUMENTATION_COMMENTS = YES;
				CLANG_WARN_EMPTY_BODY = YES;
				CLANG_WARN_ENUM_CONVERSION = YES;
				CLANG_WARN_INFINITE_RECURSION = YES;
				CLANG_WARN_INT_CONVERSION = YES;
				CLANG_WARN_NON_LITERAL_NULL_CONVERSION = YES;
				CLANG_WARN_OBJC_IMPLICIT_RETAIN_SELF = YES;
				CLANG_WARN_OBJC_LITERAL_CONVERSION = YES;
				CLANG_WARN_OBJC_ROOT_CLASS = YES_ERROR;
				CLANG_WARN_QUOTED_INCLUDE_IN_FRAMEWORK_HEADER = YES;
				CLANG_WARN_RANGE_LOOP_ANALYSIS = YES;
				CLANG_WARN_STRICT_PROTOTYPES = YES;
				CLANG_WARN_SUSPICIOUS_MOVE = YES;
				CLANG_WARN_UNGUARDED_AVAILABILITY = YES_AGGRESSIVE;
				CLANG_WARN_UNREACHABLE_CODE = YES;
				CLANG_WARN__DUPLICATE_METHOD_MATCH = YES;
				COPY_PHASE_STRIP = NO;
				DEBUG_INFORMATION_FORMAT = dwarf;
				ENABLE_STRICT_OBJC_MSGSEND = YES;
				ENABLE_TESTABILITY = YES;
				GCC_C_LANGUAGE_STANDARD = gnu11;
				GCC_DYNAMIC_NO_PIC = NO;
				GCC_NO_COMMON_BLOCKS = YES;
				GCC_OPTIMIZATION_LEVEL = 0;
				GCC_PREPROCESSOR_DEFINITIONS = (
					"DEBUG=1",
					"$(inherited)",
				);
				GCC_WARN_64_TO_32_BIT_CONVERSION = YES;
				GCC_WARN_ABOUT_RETURN_TYPE = YES_ERROR;
				GCC_WARN_UNDECLARED_SELECTOR = YES;
				GCC_WARN_UNINITIALIZED_AUTOS = YES_AGGRESSIVE;
				GCC_WARN_UNUSED_FUNCTION = YES;
				GCC_WARN_UNUSED_VARIABLE = YES;
				IPHONEOS_DEPLOYMENT_TARGET = 15.2;
				MTL_ENABLE_DEBUG_INFO = INCLUDE_SOURCE;
				MTL_FAST_MATH = YES;
				ONLY_ACTIVE_ARCH = YES;
				SDKROOT = iphoneos;
				SWIFT_ACTIVE_COMPILATION_CONDITIONS = DEBUG;
				SWIFT_OPTIMIZATION_LEVEL = "-Onone";
			};
			name = Debug;
		};
		4293D34A27D836EF002FFF5F /* Release */ = {
			isa = XCBuildConfiguration;
			buildSettings = {
				ALWAYS_SEARCH_USER_PATHS = NO;
				CLANG_ANALYZER_NONNULL = YES;
				CLANG_ANALYZER_NUMBER_OBJECT_CONVERSION = YES_AGGRESSIVE;
				CLANG_CXX_LANGUAGE_STANDARD = "gnu++17";
				CLANG_CXX_LIBRARY = "libc++";
				CLANG_ENABLE_MODULES = YES;
				CLANG_ENABLE_OBJC_ARC = YES;
				CLANG_ENABLE_OBJC_WEAK = YES;
				CLANG_WARN_BLOCK_CAPTURE_AUTORELEASING = YES;
				CLANG_WARN_BOOL_CONVERSION = YES;
				CLANG_WARN_COMMA = YES;
				CLANG_WARN_CONSTANT_CONVERSION = YES;
				CLANG_WARN_DEPRECATED_OBJC_IMPLEMENTATIONS = YES;
				CLANG_WARN_DIRECT_OBJC_ISA_USAGE = YES_ERROR;
				CLANG_WARN_DOCUMENTATION_COMMENTS = YES;
				CLANG_WARN_EMPTY_BODY = YES;
				CLANG_WARN_ENUM_CONVERSION = YES;
				CLANG_WARN_INFINITE_RECURSION = YES;
				CLANG_WARN_INT_CONVERSION = YES;
				CLANG_WARN_NON_LITERAL_NULL_CONVERSION = YES;
				CLANG_WARN_OBJC_IMPLICIT_RETAIN_SELF = YES;
				CLANG_WARN_OBJC_LITERAL_CONVERSION = YES;
				CLANG_WARN_OBJC_ROOT_CLASS = YES_ERROR;
				CLANG_WARN_QUOTED_INCLUDE_IN_FRAMEWORK_HEADER = YES;
				CLANG_WARN_RANGE_LOOP_ANALYSIS = YES;
				CLANG_WARN_STRICT_PROTOTYPES = YES;
				CLANG_WARN_SUSPICIOUS_MOVE = YES;
				CLANG_WARN_UNGUARDED_AVAILABILITY = YES_AGGRESSIVE;
				CLANG_WARN_UNREACHABLE_CODE = YES;
				CLANG_WARN__DUPLICATE_METHOD_MATCH = YES;
				COPY_PHASE_STRIP = NO;
				DEBUG_INFORMATION_FORMAT = "dwarf-with-dsym";
				ENABLE_NS_ASSERTIONS = NO;
				ENABLE_STRICT_OBJC_MSGSEND = YES;
				GCC_C_LANGUAGE_STANDARD = gnu11;
				GCC_NO_COMMON_BLOCKS = YES;
				GCC_WARN_64_TO_32_BIT_CONVERSION = YES;
				GCC_WARN_ABOUT_RETURN_TYPE = YES_ERROR;
				GCC_WARN_UNDECLARED_SELECTOR = YES;
				GCC_WARN_UNINITIALIZED_AUTOS = YES_AGGRESSIVE;
				GCC_WARN_UNUSED_FUNCTION = YES;
				GCC_WARN_UNUSED_VARIABLE = YES;
				IPHONEOS_DEPLOYMENT_TARGET = 15.2;
				MTL_ENABLE_DEBUG_INFO = NO;
				MTL_FAST_MATH = YES;
				SDKROOT = iphoneos;
				SWIFT_COMPILATION_MODE = wholemodule;
				SWIFT_OPTIMIZATION_LEVEL = "-O";
				VALIDATE_PRODUCT = YES;
			};
			name = Release;
		};
		4293D34C27D836EF002FFF5F /* Debug */ = {
			isa = XCBuildConfiguration;
			buildSettings = {
				ASSETCATALOG_COMPILER_APPICON_NAME = AppIcon;
				ASSETCATALOG_COMPILER_GLOBAL_ACCENT_COLOR_NAME = AccentColor;
				CODE_SIGN_STYLE = Automatic;
				CURRENT_PROJECT_VERSION = 1;
				DEVELOPMENT_ASSET_PATHS = "\"JANE/Preview Content\"";
				DEVELOPMENT_TEAM = 3CLC3T65R4;
				ENABLE_PREVIEWS = YES;
				GENERATE_INFOPLIST_FILE = YES;
				INFOPLIST_FILE = JANE/Info.plist;
				INFOPLIST_KEY_UIApplicationSceneManifest_Generation = YES;
				INFOPLIST_KEY_UIApplicationSupportsIndirectInputEvents = YES;
				INFOPLIST_KEY_UILaunchScreen_Generation = YES;
				INFOPLIST_KEY_UISupportedInterfaceOrientations_iPad = "UIInterfaceOrientationPortrait UIInterfaceOrientationPortraitUpsideDown UIInterfaceOrientationLandscapeLeft UIInterfaceOrientationLandscapeRight";
				INFOPLIST_KEY_UISupportedInterfaceOrientations_iPhone = "UIInterfaceOrientationPortrait UIInterfaceOrientationLandscapeLeft UIInterfaceOrientationLandscapeRight";
				LD_RUNPATH_SEARCH_PATHS = (
					"$(inherited)",
					"@executable_path/Frameworks",
				);
				MARKETING_VERSION = 1.0;
				PRODUCT_BUNDLE_IDENTIFIER = com.macawsw.JANE;
				PRODUCT_NAME = "$(TARGET_NAME)";
				SWIFT_EMIT_LOC_STRINGS = YES;
				SWIFT_VERSION = 5.0;
				TARGETED_DEVICE_FAMILY = "1,2";
			};
			name = Debug;
		};
		4293D34D27D836EF002FFF5F /* Release */ = {
			isa = XCBuildConfiguration;
			buildSettings = {
				ASSETCATALOG_COMPILER_APPICON_NAME = AppIcon;
				ASSETCATALOG_COMPILER_GLOBAL_ACCENT_COLOR_NAME = AccentColor;
				CODE_SIGN_STYLE = Automatic;
				CURRENT_PROJECT_VERSION = 1;
				DEVELOPMENT_ASSET_PATHS = "\"JANE/Preview Content\"";
				DEVELOPMENT_TEAM = 3CLC3T65R4;
				ENABLE_PREVIEWS = YES;
				GENERATE_INFOPLIST_FILE = YES;
				INFOPLIST_FILE = JANE/Info.plist;
				INFOPLIST_KEY_UIApplicationSceneManifest_Generation = YES;
				INFOPLIST_KEY_UIApplicationSupportsIndirectInputEvents = YES;
				INFOPLIST_KEY_UILaunchScreen_Generation = YES;
				INFOPLIST_KEY_UISupportedInterfaceOrientations_iPad = "UIInterfaceOrientationPortrait UIInterfaceOrientationPortraitUpsideDown UIInterfaceOrientationLandscapeLeft UIInterfaceOrientationLandscapeRight";
				INFOPLIST_KEY_UISupportedInterfaceOrientations_iPhone = "UIInterfaceOrientationPortrait UIInterfaceOrientationLandscapeLeft UIInterfaceOrientationLandscapeRight";
				LD_RUNPATH_SEARCH_PATHS = (
					"$(inherited)",
					"@executable_path/Frameworks",
				);
				MARKETING_VERSION = 1.0;
				PRODUCT_BUNDLE_IDENTIFIER = com.macawsw.JANE;
				PRODUCT_NAME = "$(TARGET_NAME)";
				SWIFT_EMIT_LOC_STRINGS = YES;
				SWIFT_VERSION = 5.0;
				TARGETED_DEVICE_FAMILY = "1,2";
			};
			name = Release;
		};
/* End XCBuildConfiguration section */

/* Begin XCConfigurationList section */
		4293D33827D836ED002FFF5F /* Build configuration list for PBXProject "JANE" */ = {
			isa = XCConfigurationList;
			buildConfigurations = (
				4293D34927D836EF002FFF5F /* Debug */,
				4293D34A27D836EF002FFF5F /* Release */,
			);
			defaultConfigurationIsVisible = 0;
			defaultConfigurationName = Release;
		};
		4293D34B27D836EF002FFF5F /* Build configuration list for PBXNativeTarget "JANE" */ = {
			isa = XCConfigurationList;
			buildConfigurations = (
				4293D34C27D836EF002FFF5F /* Debug */,
				4293D34D27D836EF002FFF5F /* Release */,
			);
			defaultConfigurationIsVisible = 0;
			defaultConfigurationName = Release;
		};
/* End XCConfigurationList section */
	};
	rootObject = 4293D33527D836ED002FFF5F /* Project object */;
}
